
Microsoft Visual Studio Solution File, Format Version 12.00
# Visual Studio Version 17
VisualStudioVersion = 17.9.34902.65
MinimumVisualStudioVersion = 10.0.40219.1
Project("{FAE04EC0-301F-11D3-BF4B-00C04F79EFBC}") = "Hello world", "Hello world\Hello world.csproj", "{BB6A20FE-2F9D-40D9-A1B2-140648962F88}"
EndProject
Global
	GlobalSection(SolutionConfigurationPlatforms) = preSolution
		Debug|Any CPU = Debug|Any CPU
		Release|Any CPU = Release|Any CPU
	EndGlobalSection
	GlobalSection(ProjectConfigurationPlatforms) = postSolution
		{BB6A20FE-2F9D-40D9-A1B2-140648962F88}.Debug|Any CPU.ActiveCfg = Debug|Any CPU
		{BB6A20FE-2F9D-40D9-A1B2-140648962F88}.Debug|Any CPU.Build.0 = Debug|Any CPU
		{BB6A20FE-2F9D-40D9-A1B2-140648962F88}.Release|Any CPU.ActiveCfg = Release|Any CPU
		{BB6A20FE-2F9D-40D9-A1B2-140648962F88}.Release|Any CPU.Build.0 = Release|Any CPU
	EndGlobalSection
	GlobalSection(SolutionProperties) = preSolution
		HideSolutionNode = FALSE
	EndGlobalSection
	GlobalSection(ExtensibilityGlobals) = postSolution
		SolutionGuid = {B2267FD3-A89B-40F5-AA39-A7EC3047ABDD}
	EndGlobalSection
EndGlobal
